// !$*UTF8*$!
{
	archiveVersion = 1;
	classes = {
	};
	objectVersion = 55;
	objects = {

/* Begin PBXBuildFile section */
		A12D38F727EA5C7B00138350 /* EmojiArtModel.Background.swift in Sources */ = {isa = PBXBuildFile; fileRef = A12D38F627EA5C7B00138350 /* EmojiArtModel.Background.swift */; };
		A12D38F827EA5C7B00138350 /* EmojiArtModel.Background.swift in Sources */ = {isa = PBXBuildFile; fileRef = A12D38F627EA5C7B00138350 /* EmojiArtModel.Background.swift */; };
		A12D390227EA5EF200138350 /* EmojiArtDocument.swift in Sources */ = {isa = PBXBuildFile; fileRef = A12D390127EA5EF200138350 /* EmojiArtDocument.swift */; };
		A12D390327EA5EF200138350 /* EmojiArtDocument.swift in Sources */ = {isa = PBXBuildFile; fileRef = A12D390127EA5EF200138350 /* EmojiArtDocument.swift */; };
		A14266A927EA64A9007198AC /* UtilityExtensions.swift in Sources */ = {isa = PBXBuildFile; fileRef = A12D390B27EA638100138350 /* UtilityExtensions.swift */; };
		A14266AA27EA64A9007198AC /* UtilityExtensions.swift in Sources */ = {isa = PBXBuildFile; fileRef = A12D390B27EA638100138350 /* UtilityExtensions.swift */; };
		A168E9F827E346EA00C9B2BC /* EmojiArtApp.swift in Sources */ = {isa = PBXBuildFile; fileRef = A168E9E827E346EA00C9B2BC /* EmojiArtApp.swift */; };
		A168E9F927E346EA00C9B2BC /* EmojiArtApp.swift in Sources */ = {isa = PBXBuildFile; fileRef = A168E9E827E346EA00C9B2BC /* EmojiArtApp.swift */; };
		A168E9FA27E346EA00C9B2BC /* EmojiArtDocumentView.swift in Sources */ = {isa = PBXBuildFile; fileRef = A168E9E927E346EA00C9B2BC /* EmojiArtDocumentView.swift */; };
		A168E9FB27E346EA00C9B2BC /* EmojiArtDocumentView.swift in Sources */ = {isa = PBXBuildFile; fileRef = A168E9E927E346EA00C9B2BC /* EmojiArtDocumentView.swift */; };
		A168E9FC27E346EA00C9B2BC /* Assets.xcassets in Resources */ = {isa = PBXBuildFile; fileRef = A168E9EA27E346EA00C9B2BC /* Assets.xcassets */; };
		A168E9FD27E346EA00C9B2BC /* Assets.xcassets in Resources */ = {isa = PBXBuildFile; fileRef = A168E9EA27E346EA00C9B2BC /* Assets.xcassets */; };
		A168EA0727E3472D00C9B2BC /* EmojiArtModel.swift in Sources */ = {isa = PBXBuildFile; fileRef = A168EA0627E3472D00C9B2BC /* EmojiArtModel.swift */; };
		A168EA0827E3472D00C9B2BC /* EmojiArtModel.swift in Sources */ = {isa = PBXBuildFile; fileRef = A168EA0627E3472D00C9B2BC /* EmojiArtModel.swift */; };
/* End PBXBuildFile section */

/* Begin PBXFileReference section */
		A12D38F627EA5C7B00138350 /* EmojiArtModel.Background.swift */ = {isa = PBXFileReference; lastKnownFileType = sourcecode.swift; path = EmojiArtModel.Background.swift; sourceTree = "<group>"; };
		A12D390127EA5EF200138350 /* EmojiArtDocument.swift */ = {isa = PBXFileReference; lastKnownFileType = sourcecode.swift; path = EmojiArtDocument.swift; sourceTree = "<group>"; };
		A12D390B27EA638100138350 /* UtilityExtensions.swift */ = {isa = PBXFileReference; lastKnownFileType = sourcecode.swift; path = UtilityExtensions.swift; sourceTree = "<group>"; };
		A168E9E827E346EA00C9B2BC /* EmojiArtApp.swift */ = {isa = PBXFileReference; lastKnownFileType = sourcecode.swift; path = EmojiArtApp.swift; sourceTree = "<group>"; };
		A168E9E927E346EA00C9B2BC /* EmojiArtDocumentView.swift */ = {isa = PBXFileReference; lastKnownFileType = sourcecode.swift; path = EmojiArtDocumentView.swift; sourceTree = "<group>"; };
		A168E9EA27E346EA00C9B2BC /* Assets.xcassets */ = {isa = PBXFileReference; lastKnownFileType = folder.assetcatalog; path = Assets.xcassets; sourceTree = "<group>"; };
		A168E9EF27E346EA00C9B2BC /* EmojiArt.app */ = {isa = PBXFileReference; explicitFileType = wrapper.application; includeInIndex = 0; path = EmojiArt.app; sourceTree = BUILT_PRODUCTS_DIR; };
		A168E9F527E346EA00C9B2BC /* EmojiArt.app */ = {isa = PBXFileReference; explicitFileType = wrapper.application; includeInIndex = 0; path = EmojiArt.app; sourceTree = BUILT_PRODUCTS_DIR; };
		A168E9F727E346EA00C9B2BC /* macOS.entitlements */ = {isa = PBXFileReference; lastKnownFileType = text.plist.entitlements; path = macOS.entitlements; sourceTree = "<group>"; };
		A168EA0627E3472D00C9B2BC /* EmojiArtModel.swift */ = {isa = PBXFileReference; lastKnownFileType = sourcecode.swift; path = EmojiArtModel.swift; sourceTree = "<group>"; };
/* End PBXFileReference section */

/* Begin PBXFrameworksBuildPhase section */
		A168E9EC27E346EA00C9B2BC /* Frameworks */ = {
			isa = PBXFrameworksBuildPhase;
			buildActionMask = 2147483647;
			files = (
			);
			runOnlyForDeploymentPostprocessing = 0;
		};
		A168E9F227E346EA00C9B2BC /* Frameworks */ = {
			isa = PBXFrameworksBuildPhase;
			buildActionMask = 2147483647;
			files = (
			);
			runOnlyForDeploymentPostprocessing = 0;
		};
/* End PBXFrameworksBuildPhase section */

/* Begin PBXGroup section */
		A12D38F927EA5C8600138350 /* Model */ = {
			isa = PBXGroup;
			children = (
				A168E9E827E346EA00C9B2BC /* EmojiArtApp.swift */,
				A168EA0627E3472D00C9B2BC /* EmojiArtModel.swift */,
				A12D38F627EA5C7B00138350 /* EmojiArtModel.Background.swift */,
				A12D390B27EA638100138350 /* UtilityExtensions.swift */,
			);
			path = Model;
			sourceTree = "<group>";
		};
		A12D38FD27EA5E7F00138350 /* ViewModel */ = {
			isa = PBXGroup;
			children = (
				A12D390127EA5EF200138350 /* EmojiArtDocument.swift */,
			);
			path = ViewModel;
			sourceTree = "<group>";
		};
		A12D390427EA5F0300138350 /* Views */ = {
			isa = PBXGroup;
			children = (
				A168E9E927E346EA00C9B2BC /* EmojiArtDocumentView.swift */,
			);
			path = Views;
			sourceTree = "<group>";
		};
		A168E9E227E346EA00C9B2BC = {
			isa = PBXGroup;
			children = (
				A168E9E727E346EA00C9B2BC /* Shared */,
				A168E9F627E346EA00C9B2BC /* macOS */,
				A168E9F027E346EA00C9B2BC /* Products */,
			);
			sourceTree = "<group>";
		};
		A168E9E727E346EA00C9B2BC /* Shared */ = {
			isa = PBXGroup;
			children = (
				A12D38F927EA5C8600138350 /* Model */,
				A12D38FD27EA5E7F00138350 /* ViewModel */,
				A12D390427EA5F0300138350 /* Views */,
				A168E9EA27E346EA00C9B2BC /* Assets.xcassets */,
			);
			path = Shared;
			sourceTree = "<group>";
		};
		A168E9F027E346EA00C9B2BC /* Products */ = {
			isa = PBXGroup;
			children = (
				A168E9EF27E346EA00C9B2BC /* EmojiArt.app */,
				A168E9F527E346EA00C9B2BC /* EmojiArt.app */,
			);
			name = Products;
			sourceTree = "<group>";
		};
		A168E9F627E346EA00C9B2BC /* macOS */ = {
			isa = PBXGroup;
			children = (
				A168E9F727E346EA00C9B2BC /* macOS.entitlements */,
			);
			path = macOS;
			sourceTree = "<group>";
		};
/* End PBXGroup section */

/* Begin PBXNativeTarget section */
		A168E9EE27E346EA00C9B2BC /* EmojiArt (iOS) */ = {
			isa = PBXNativeTarget;
			buildConfigurationList = A168EA0027E346EA00C9B2BC /* Build configuration list for PBXNativeTarget "EmojiArt (iOS)" */;
			buildPhases = (
				A168E9EB27E346EA00C9B2BC /* Sources */,
				A168E9EC27E346EA00C9B2BC /* Frameworks */,
				A168E9ED27E346EA00C9B2BC /* Resources */,
			);
			buildRules = (
			);
			dependencies = (
			);
			name = "EmojiArt (iOS)";
			productName = "EmojiArt (iOS)";
			productReference = A168E9EF27E346EA00C9B2BC /* EmojiArt.app */;
			productType = "com.apple.product-type.application";
		};
		A168E9F427E346EA00C9B2BC /* EmojiArt (macOS) */ = {
			isa = PBXNativeTarget;
			buildConfigurationList = A168EA0327E346EA00C9B2BC /* Build configuration list for PBXNativeTarget "EmojiArt (macOS)" */;
			buildPhases = (
				A168E9F127E346EA00C9B2BC /* Sources */,
				A168E9F227E346EA00C9B2BC /* Frameworks */,
				A168E9F327E346EA00C9B2BC /* Resources */,
			);
			buildRules = (
			);
			dependencies = (
			);
			name = "EmojiArt (macOS)";
			productName = "EmojiArt (macOS)";
			productReference = A168E9F527E346EA00C9B2BC /* EmojiArt.app */;
			productType = "com.apple.product-type.application";
		};
/* End PBXNativeTarget section */

/* Begin PBXProject section */
		A168E9E327E346EA00C9B2BC /* Project object */ = {
			isa = PBXProject;
			attributes = {
				BuildIndependentTargetsInParallel = 1;
				LastSwiftUpdateCheck = 1320;
				LastUpgradeCheck = 1320;
				TargetAttributes = {
					A168E9EE27E346EA00C9B2BC = {
						CreatedOnToolsVersion = 13.2.1;
					};
					A168E9F427E346EA00C9B2BC = {
						CreatedOnToolsVersion = 13.2.1;
					};
				};
			};
			buildConfigurationList = A168E9E627E346EA00C9B2BC /* Build configuration list for PBXProject "EmojiArt" */;
			compatibilityVersion = "Xcode 13.0";
			developmentRegion = en;
			hasScannedForEncodings = 0;
			knownRegions = (
				en,
				Base,
			);
			mainGroup = A168E9E227E346EA00C9B2BC;
			productRefGroup = A168E9F027E346EA00C9B2BC /* Products */;
			projectDirPath = "";
			projectRoot = "";
			targets = (
				A168E9EE27E346EA00C9B2BC /* EmojiArt (iOS) */,
				A168E9F427E346EA00C9B2BC /* EmojiArt (macOS) */,
			);
		};
/* End PBXProject section */

/* Begin PBXResourcesBuildPhase section */
		A168E9ED27E346EA00C9B2BC /* Resources */ = {
			isa = PBXResourcesBuildPhase;
			buildActionMask = 2147483647;
			files = (
				A168E9FC27E346EA00C9B2BC /* Assets.xcassets in Resources */,
			);
			runOnlyForDeploymentPostprocessing = 0;
		};
		A168E9F327E346EA00C9B2BC /* Resources */ = {
			isa = PBXResourcesBuildPhase;
			buildActionMask = 2147483647;
			files = (
				A168E9FD27E346EA00C9B2BC /* Assets.xcassets in Resources */,
			);
			runOnlyForDeploymentPostprocessing = 0;
		};
/* End PBXResourcesBuildPhase section */

/* Begin PBXSourcesBuildPhase section */
		A168E9EB27E346EA00C9B2BC /* Sources */ = {
			isa = PBXSourcesBuildPhase;
			buildActionMask = 2147483647;
			files = (
				A168E9FA27E346EA00C9B2BC /* EmojiArtDocumentView.swift in Sources */,
				A168E9F827E346EA00C9B2BC /* EmojiArtApp.swift in Sources */,
				A14266A927EA64A9007198AC /* UtilityExtensions.swift in Sources */,
				A12D390227EA5EF200138350 /* EmojiArtDocument.swift in Sources */,
				A168EA0727E3472D00C9B2BC /* EmojiArtModel.swift in Sources */,
				A12D38F727EA5C7B00138350 /* EmojiArtModel.Background.swift in Sources */,
			);
			runOnlyForDeploymentPostprocessing = 0;
		};
		A168E9F127E346EA00C9B2BC /* Sources */ = {
			isa = PBXSourcesBuildPhase;
			buildActionMask = 2147483647;
			files = (
				A168E9FB27E346EA00C9B2BC /* EmojiArtDocumentView.swift in Sources */,
				A168E9F927E346EA00C9B2BC /* EmojiArtApp.swift in Sources */,
				A14266AA27EA64A9007198AC /* UtilityExtensions.swift in Sources */,
				A12D390327EA5EF200138350 /* EmojiArtDocument.swift in Sources */,
				A168EA0827E3472D00C9B2BC /* EmojiArtModel.swift in Sources */,
				A12D38F827EA5C7B00138350 /* EmojiArtModel.Background.swift in Sources */,
			);
			runOnlyForDeploymentPostprocessing = 0;
		};
/* End PBXSourcesBuildPhase section */

/* Begin XCBuildConfiguration section */
		A168E9FE27E346EA00C9B2BC /* Debug */ = {
			isa = XCBuildConfiguration;
			buildSettings = {
				ALWAYS_SEARCH_USER_PATHS = NO;
				CLANG_ANALYZER_NONNULL = YES;
				CLANG_ANALYZER_NUMBER_OBJECT_CONVERSION = YES_AGGRESSIVE;
				CLANG_CXX_LANGUAGE_STANDARD = "gnu++17";
				CLANG_CXX_LIBRARY = "libc++";
				CLANG_ENABLE_MODULES = YES;
				CLANG_ENABLE_OBJC_ARC = YES;
				CLANG_ENABLE_OBJC_WEAK = YES;
				CLANG_WARN_BLOCK_CAPTURE_AUTORELEASING = YES;
				CLANG_WARN_BOOL_CONVERSION = YES;
				CLANG_WARN_COMMA = YES;
				CLANG_WARN_CONSTANT_CONVERSION = YES;
				CLANG_WARN_DEPRECATED_OBJC_IMPLEMENTATIONS = YES;
				CLANG_WARN_DIRECT_OBJC_ISA_USAGE = YES_ERROR;
				CLANG_WARN_DOCUMENTATION_COMMENTS = YES;
				CLANG_WARN_EMPTY_BODY = YES;
				CLANG_WARN_ENUM_CONVERSION = YES;
				CLANG_WARN_INFINITE_RECURSION = YES;
				CLANG_WARN_INT_CONVERSION = YES;
				CLANG_WARN_NON_LITERAL_NULL_CONVERSION = YES;
				CLANG_WARN_OBJC_IMPLICIT_RETAIN_SELF = YES;
				CLANG_WARN_OBJC_LITERAL_CONVERSION = YES;
				CLANG_WARN_OBJC_ROOT_CLASS = YES_ERROR;
				CLANG_WARN_QUOTED_INCLUDE_IN_FRAMEWORK_HEADER = YES;
				CLANG_WARN_RANGE_LOOP_ANALYSIS = YES;
				CLANG_WARN_STRICT_PROTOTYPES = YES;
				CLANG_WARN_SUSPICIOUS_MOVE = YES;
				CLANG_WARN_UNGUARDED_AVAILABILITY = YES_AGGRESSIVE;
				CLANG_WARN_UNREACHABLE_CODE = YES;
				CLANG_WARN__DUPLICATE_METHOD_MATCH = YES;
				COPY_PHASE_STRIP = NO;
				DEBUG_INFORMATION_FORMAT = dwarf;
				ENABLE_STRICT_OBJC_MSGSEND = YES;
				ENABLE_TESTABILITY = YES;
				GCC_C_LANGUAGE_STANDARD = gnu11;
				GCC_DYNAMIC_NO_PIC = NO;
				GCC_NO_COMMON_BLOCKS = YES;
				GCC_OPTIMIZATION_LEVEL = 0;
				GCC_PREPROCESSOR_DEFINITIONS = (
					"DEBUG=1",
					"$(inherited)",
				);
				GCC_WARN_64_TO_32_BIT_CONVERSION = YES;
				GCC_WARN_ABOUT_RETURN_TYPE = YES_ERROR;
				GCC_WARN_UNDECLARED_SELECTOR = YES;
				GCC_WARN_UNINITIALIZED_AUTOS = YES_AGGRESSIVE;
				GCC_WARN_UNUSED_FUNCTION = YES;
				GCC_WARN_UNUSED_VARIABLE = YES;
				MTL_ENABLE_DEBUG_INFO = INCLUDE_SOURCE;
				MTL_FAST_MATH = YES;
				ONLY_ACTIVE_ARCH = YES;
				SWIFT_ACTIVE_COMPILATION_CONDITIONS = DEBUG;
				SWIFT_OPTIMIZATION_LEVEL = "-Onone";
			};
			name = Debug;
		};
		A168E9FF27E346EA00C9B2BC /* Release */ = {
			isa = XCBuildConfiguration;
			buildSettings = {
				ALWAYS_SEARCH_USER_PATHS = NO;
				CLANG_ANALYZER_NONNULL = YES;
				CLANG_ANALYZER_NUMBER_OBJECT_CONVERSION = YES_AGGRESSIVE;
				CLANG_CXX_LANGUAGE_STANDARD = "gnu++17";
				CLANG_CXX_LIBRARY = "libc++";
				CLANG_ENABLE_MODULES = YES;
				CLANG_ENABLE_OBJC_ARC = YES;
				CLANG_ENABLE_OBJC_WEAK = YES;
				CLANG_WARN_BLOCK_CAPTURE_AUTORELEASING = YES;
				CLANG_WARN_BOOL_CONVERSION = YES;
				CLANG_WARN_COMMA = YES;
				CLANG_WARN_CONSTANT_CONVERSION = YES;
				CLANG_WARN_DEPRECATED_OBJC_IMPLEMENTATIONS = YES;
				CLANG_WARN_DIRECT_OBJC_ISA_USAGE = YES_ERROR;
				CLANG_WARN_DOCUMENTATION_COMMENTS = YES;
				CLANG_WARN_EMPTY_BODY = YES;
				CLANG_WARN_ENUM_CONVERSION = YES;
				CLANG_WARN_INFINITE_RECURSION = YES;
				CLANG_WARN_INT_CONVERSION = YES;
				CLANG_WARN_NON_LITERAL_NULL_CONVERSION = YES;
				CLANG_WARN_OBJC_IMPLICIT_RETAIN_SELF = YES;
				CLANG_WARN_OBJC_LITERAL_CONVERSION = YES;
				CLANG_WARN_OBJC_ROOT_CLASS = YES_ERROR;
				CLANG_WARN_QUOTED_INCLUDE_IN_FRAMEWORK_HEADER = YES;
				CLANG_WARN_RANGE_LOOP_ANALYSIS = YES;
				CLANG_WARN_STRICT_PROTOTYPES = YES;
				CLANG_WARN_SUSPICIOUS_MOVE = YES;
				CLANG_WARN_UNGUARDED_AVAILABILITY = YES_AGGRESSIVE;
				CLANG_WARN_UNREACHABLE_CODE = YES;
				CLANG_WARN__DUPLICATE_METHOD_MATCH = YES;
				COPY_PHASE_STRIP = NO;
				DEBUG_INFORMATION_FORMAT = "dwarf-with-dsym";
				ENABLE_NS_ASSERTIONS = NO;
				ENABLE_STRICT_OBJC_MSGSEND = YES;
				GCC_C_LANGUAGE_STANDARD = gnu11;
				GCC_NO_COMMON_BLOCKS = YES;
				GCC_WARN_64_TO_32_BIT_CONVERSION = YES;
				GCC_WARN_ABOUT_RETURN_TYPE = YES_ERROR;
				GCC_WARN_UNDECLARED_SELECTOR = YES;
				GCC_WARN_UNINITIALIZED_AUTOS = YES_AGGRESSIVE;
				GCC_WARN_UNUSED_FUNCTION = YES;
				GCC_WARN_UNUSED_VARIABLE = YES;
				MTL_ENABLE_DEBUG_INFO = NO;
				MTL_FAST_MATH = YES;
				SWIFT_COMPILATION_MODE = wholemodule;
				SWIFT_OPTIMIZATION_LEVEL = "-O";
			};
			name = Release;
		};
		A168EA0127E346EA00C9B2BC /* Debug */ = {
			isa = XCBuildConfiguration;
			buildSettings = {
				ASSETCATALOG_COMPILER_APPICON_NAME = AppIcon;
				ASSETCATALOG_COMPILER_GLOBAL_ACCENT_COLOR_NAME = AccentColor;
				CODE_SIGN_STYLE = Automatic;
				CURRENT_PROJECT_VERSION = 1;
				DEVELOPMENT_TEAM = 3M8HH79KBN;
				ENABLE_PREVIEWS = YES;
				GENERATE_INFOPLIST_FILE = YES;
				INFOPLIST_KEY_UIApplicationSceneManifest_Generation = YES;
				INFOPLIST_KEY_UIApplicationSupportsIndirectInputEvents = YES;
				INFOPLIST_KEY_UILaunchScreen_Generation = YES;
				INFOPLIST_KEY_UISupportedInterfaceOrientations_iPad = "UIInterfaceOrientationPortrait UIInterfaceOrientationPortraitUpsideDown UIInterfaceOrientationLandscapeLeft UIInterfaceOrientationLandscapeRight";
				INFOPLIST_KEY_UISupportedInterfaceOrientations_iPhone = "UIInterfaceOrientationPortrait UIInterfaceOrientationLandscapeLeft UIInterfaceOrientationLandscapeRight";
				IPHONEOS_DEPLOYMENT_TARGET = 15.2;
				LD_RUNPATH_SEARCH_PATHS = (
					"$(inherited)",
					"@executable_path/Frameworks",
				);
				MARKETING_VERSION = 1.0;
				PRODUCT_BUNDLE_IDENTIFIER = franco.camilletti.EmojiArt;
				PRODUCT_NAME = EmojiArt;
				SDKROOT = iphoneos;
				SWIFT_EMIT_LOC_STRINGS = YES;
				SWIFT_VERSION = 5.0;
				TARGETED_DEVICE_FAMILY = "1,2";
			};
			name = Debug;
		};
		A168EA0227E346EA00C9B2BC /* Release */ = {
			isa = XCBuildConfiguration;
			buildSettings = {
				ASSETCATALOG_COMPILER_APPICON_NAME = AppIcon;
				ASSETCATALOG_COMPILER_GLOBAL_ACCENT_COLOR_NAME = AccentColor;
				CODE_SIGN_STYLE = Automatic;
				CURRENT_PROJECT_VERSION = 1;
				DEVELOPMENT_TEAM = 3M8HH79KBN;
				ENABLE_PREVIEWS = YES;
				GENERATE_INFOPLIST_FILE = YES;
				INFOPLIST_KEY_UIApplicationSceneManifest_Generation = YES;
				INFOPLIST_KEY_UIApplicationSupportsIndirectInputEvents = YES;
				INFOPLIST_KEY_UILaunchScreen_Generation = YES;
				INFOPLIST_KEY_UISupportedInterfaceOrientations_iPad = "UIInterfaceOrientationPortrait UIInterfaceOrientationPortraitUpsideDown UIInterfaceOrientationLandscapeLeft UIInterfaceOrientationLandscapeRight";
				INFOPLIST_KEY_UISupportedInterfaceOrientations_iPhone = "UIInterfaceOrientationPortrait UIInterfaceOrientationLandscapeLeft UIInterfaceOrientationLandscapeRight";
				IPHONEOS_DEPLOYMENT_TARGET = 15.2;
				LD_RUNPATH_SEARCH_PATHS = (
					"$(inherited)",
					"@executable_path/Frameworks",
				);
				MARKETING_VERSION = 1.0;
				PRODUCT_BUNDLE_IDENTIFIER = franco.camilletti.EmojiArt;
				PRODUCT_NAME = EmojiArt;
				SDKROOT = iphoneos;
				SWIFT_EMIT_LOC_STRINGS = YES;
				SWIFT_VERSION = 5.0;
				TARGETED_DEVICE_FAMILY = "1,2";
				VALIDATE_PRODUCT = YES;
			};
			name = Release;
		};
		A168EA0427E346EA00C9B2BC /* Debug */ = {
			isa = XCBuildConfiguration;
			buildSettings = {
				ASSETCATALOG_COMPILER_APPICON_NAME = AppIcon;
				ASSETCATALOG_COMPILER_GLOBAL_ACCENT_COLOR_NAME = AccentColor;
				CODE_SIGN_ENTITLEMENTS = macOS/macOS.entitlements;
				CODE_SIGN_STYLE = Automatic;
				COMBINE_HIDPI_IMAGES = YES;
				CURRENT_PROJECT_VERSION = 1;
				DEVELOPMENT_TEAM = 3M8HH79KBN;
				ENABLE_HARDENED_RUNTIME = YES;
				ENABLE_PREVIEWS = YES;
				GENERATE_INFOPLIST_FILE = YES;
				INFOPLIST_KEY_NSHumanReadableCopyright = "";
				LD_RUNPATH_SEARCH_PATHS = (
					"$(inherited)",
					"@executable_path/../Frameworks",
				);
				MACOSX_DEPLOYMENT_TARGET = 12.1;
				MARKETING_VERSION = 1.0;
				PRODUCT_BUNDLE_IDENTIFIER = franco.camilletti.EmojiArt;
				PRODUCT_NAME = EmojiArt;
				SDKROOT = macosx;
				SWIFT_EMIT_LOC_STRINGS = YES;
				SWIFT_VERSION = 5.0;
			};
			name = Debug;
		};
		A168EA0527E346EA00C9B2BC /* Release */ = {
			isa = XCBuildConfiguration;
			buildSettings = {
				ASSETCATALOG_COMPILER_APPICON_NAME = AppIcon;
				ASSETCATALOG_COMPILER_GLOBAL_ACCENT_COLOR_NAME = AccentColor;
				CODE_SIGN_ENTITLEMENTS = macOS/macOS.entitlements;
				CODE_SIGN_STYLE = Automatic;
				COMBINE_HIDPI_IMAGES = YES;
				CURRENT_PROJECT_VERSION = 1;
				DEVELOPMENT_TEAM = 3M8HH79KBN;
				ENABLE_HARDENED_RUNTIME = YES;
				ENABLE_PREVIEWS = YES;
				GENERATE_INFOPLIST_FILE = YES;
				INFOPLIST_KEY_NSHumanReadableCopyright = "";
				LD_RUNPATH_SEARCH_PATHS = (
					"$(inherited)",
					"@executable_path/../Frameworks",
				);
				MACOSX_DEPLOYMENT_TARGET = 12.1;
				MARKETING_VERSION = 1.0;
				PRODUCT_BUNDLE_IDENTIFIER = franco.camilletti.EmojiArt;
				PRODUCT_NAME = EmojiArt;
				SDKROOT = macosx;
				SWIFT_EMIT_LOC_STRINGS = YES;
				SWIFT_VERSION = 5.0;
			};
			name = Release;
		};
/* End XCBuildConfiguration section */

/* Begin XCConfigurationList section */
		A168E9E627E346EA00C9B2BC /* Build configuration list for PBXProject "EmojiArt" */ = {
			isa = XCConfigurationList;
			buildConfigurations = (
				A168E9FE27E346EA00C9B2BC /* Debug */,
				A168E9FF27E346EA00C9B2BC /* Release */,
			);
			defaultConfigurationIsVisible = 0;
			defaultConfigurationName = Release;
		};
		A168EA0027E346EA00C9B2BC /* Build configuration list for PBXNativeTarget "EmojiArt (iOS)" */ = {
			isa = XCConfigurationList;
			buildConfigurations = (
				A168EA0127E346EA00C9B2BC /* Debug */,
				A168EA0227E346EA00C9B2BC /* Release */,
			);
			defaultConfigurationIsVisible = 0;
			defaultConfigurationName = Release;
		};
		A168EA0327E346EA00C9B2BC /* Build configuration list for PBXNativeTarget "EmojiArt (macOS)" */ = {
			isa = XCConfigurationList;
			buildConfigurations = (
				A168EA0427E346EA00C9B2BC /* Debug */,
				A168EA0527E346EA00C9B2BC /* Release */,
			);
			defaultConfigurationIsVisible = 0;
			defaultConfigurationName = Release;
		};
/* End XCConfigurationList section */
	};
	rootObject = A168E9E327E346EA00C9B2BC /* Project object */;
}
